
Microsoft Visual Studio Solution File, Format Version 12.00
# Visual Studio Version 16
VisualStudioVersion = 16.0.29403.142
MinimumVisualStudioVersion = 10.0.40219.1
Project("{9A19103F-16F7-4668-BE54-9A1E7A4F7556}") = "JaegerDemo", "JaegerDemo\JaegerDemo.csproj", "{FC92D242-8F09-409B-BC78-433D46B4C913}"
EndProject
Project("{9A19103F-16F7-4668-BE54-9A1E7A4F7556}") = "JaegerCallDemo", "JaegerCallDemo\JaegerCallDemo.csproj", "{81B29261-037D-46C2-A2F6-A0D75F7B541C}"
EndProject
Global
	GlobalSection(SolutionConfigurationPlatforms) = preSolution
		Debug|Any CPU = Debug|Any CPU
		Release|Any CPU = Release|Any CPU
	EndGlobalSection
	GlobalSection(ProjectConfigurationPlatforms) = postSolution
		{FC92D242-8F09-409B-BC78-433D46B4C913}.Debug|Any CPU.ActiveCfg = Debug|Any CPU
		{FC92D242-8F09-409B-BC78-433D46B4C913}.Debug|Any CPU.Build.0 = Debug|Any CPU
		{FC92D242-8F09-409B-BC78-433D46B4C913}.Release|Any CPU.ActiveCfg = Release|Any CPU
		{FC92D242-8F09-409B-BC78-433D46B4C913}.Release|Any CPU.Build.0 = Release|Any CPU
		{81B29261-037D-46C2-A2F6-A0D75F7B541C}.Debug|Any CPU.ActiveCfg = Debug|Any CPU
		{81B29261-037D-46C2-A2F6-A0D75F7B541C}.Debug|Any CPU.Build.0 = Debug|Any CPU
		{81B29261-037D-46C2-A2F6-A0D75F7B541C}.Release|Any CPU.ActiveCfg = Release|Any CPU
		{81B29261-037D-46C2-A2F6-A0D75F7B541C}.Release|Any CPU.Build.0 = Release|Any CPU
	EndGlobalSection
	GlobalSection(SolutionProperties) = preSolution
		HideSolutionNode = FALSE
	EndGlobalSection
	GlobalSection(ExtensibilityGlobals) = postSolution
		SolutionGuid = {CBC9A3BA-5328-47E9-AB25-0C3FAE7D566A}
	EndGlobalSection
EndGlobal
