
Microsoft Visual Studio Solution File, Format Version 12.00
# Visual Studio 15
VisualStudioVersion = 15.0.28307.421
MinimumVisualStudioVersion = 10.0.40219.1
Project("{9A19103F-16F7-4668-BE54-9A1E7A4F7556}") = "LocalizationDemo", "LocalizationDemo\LocalizationDemo.csproj", "{369912D5-B8FF-4A05-8FAC-89FE35A50F64}"
EndProject
Global
	GlobalSection(SolutionConfigurationPlatforms) = preSolution
		Debug|Any CPU = Debug|Any CPU
		Release|Any CPU = Release|Any CPU
	EndGlobalSection
	GlobalSection(ProjectConfigurationPlatforms) = postSolution
		{369912D5-B8FF-4A05-8FAC-89FE35A50F64}.Debug|Any CPU.ActiveCfg = Debug|Any CPU
		{369912D5-B8FF-4A05-8FAC-89FE35A50F64}.Debug|Any CPU.Build.0 = Debug|Any CPU
		{369912D5-B8FF-4A05-8FAC-89FE35A50F64}.Release|Any CPU.ActiveCfg = Release|Any CPU
		{369912D5-B8FF-4A05-8FAC-89FE35A50F64}.Release|Any CPU.Build.0 = Release|Any CPU
	EndGlobalSection
	GlobalSection(SolutionProperties) = preSolution
		HideSolutionNode = FALSE
	EndGlobalSection
	GlobalSection(ExtensibilityGlobals) = postSolution
		SolutionGuid = {8095EA3D-95E6-437B-9458-2025344DBD0F}
	EndGlobalSection
EndGlobal
