
Microsoft Visual Studio Solution File, Format Version 12.00
# Visual Studio 15
VisualStudioVersion = 15.0.28307.136
MinimumVisualStudioVersion = 10.0.40219.1
Project("{9A19103F-16F7-4668-BE54-9A1E7A4F7556}") = "AutofacDemo", "AutofacDemo\AutofacDemo.csproj", "{98AEC27F-43D8-4C55-B84B-E6CC2CC43B01}"
EndProject
Project("{FAE04EC0-301F-11D3-BF4B-00C04F79EFBC}") = "ScopeDIDemo", "ScopeDIDemo\ScopeDIDemo.csproj", "{4DF84C68-032C-466D-84CE-39EF7F0F12E8}"
EndProject
Global
	GlobalSection(SolutionConfigurationPlatforms) = preSolution
		Debug|Any CPU = Debug|Any CPU
		Release|Any CPU = Release|Any CPU
	EndGlobalSection
	GlobalSection(ProjectConfigurationPlatforms) = postSolution
		{98AEC27F-43D8-4C55-B84B-E6CC2CC43B01}.Debug|Any CPU.ActiveCfg = Debug|Any CPU
		{98AEC27F-43D8-4C55-B84B-E6CC2CC43B01}.Debug|Any CPU.Build.0 = Debug|Any CPU
		{98AEC27F-43D8-4C55-B84B-E6CC2CC43B01}.Release|Any CPU.ActiveCfg = Release|Any CPU
		{98AEC27F-43D8-4C55-B84B-E6CC2CC43B01}.Release|Any CPU.Build.0 = Release|Any CPU
		{4DF84C68-032C-466D-84CE-39EF7F0F12E8}.Debug|Any CPU.ActiveCfg = Debug|Any CPU
		{4DF84C68-032C-466D-84CE-39EF7F0F12E8}.Debug|Any CPU.Build.0 = Debug|Any CPU
		{4DF84C68-032C-466D-84CE-39EF7F0F12E8}.Release|Any CPU.ActiveCfg = Release|Any CPU
		{4DF84C68-032C-466D-84CE-39EF7F0F12E8}.Release|Any CPU.Build.0 = Release|Any CPU
	EndGlobalSection
	GlobalSection(SolutionProperties) = preSolution
		HideSolutionNode = FALSE
	EndGlobalSection
	GlobalSection(ExtensibilityGlobals) = postSolution
		SolutionGuid = {0416BC24-FDA0-42EC-BC0E-4DFA56F59C8D}
	EndGlobalSection
EndGlobal
