
Microsoft Visual Studio Solution File, Format Version 12.00
# Visual Studio 15
VisualStudioVersion = 15.0.28307.489
MinimumVisualStudioVersion = 10.0.40219.1
Project("{FAE04EC0-301F-11D3-BF4B-00C04F79EFBC}") = "MonacoDemo", "MonacoDemo\MonacoDemo.csproj", "{339893D4-FF6F-4170-969B-21DEC46A3381}"
EndProject
Global
	GlobalSection(SolutionConfigurationPlatforms) = preSolution
		Debug|Any CPU = Debug|Any CPU
		Release|Any CPU = Release|Any CPU
	EndGlobalSection
	GlobalSection(ProjectConfigurationPlatforms) = postSolution
		{339893D4-FF6F-4170-969B-21DEC46A3381}.Debug|Any CPU.ActiveCfg = Debug|Any CPU
		{339893D4-FF6F-4170-969B-21DEC46A3381}.Debug|Any CPU.Build.0 = Debug|Any CPU
		{339893D4-FF6F-4170-969B-21DEC46A3381}.Release|Any CPU.ActiveCfg = Release|Any CPU
		{339893D4-FF6F-4170-969B-21DEC46A3381}.Release|Any CPU.Build.0 = Release|Any CPU
	EndGlobalSection
	GlobalSection(SolutionProperties) = preSolution
		HideSolutionNode = FALSE
	EndGlobalSection
	GlobalSection(ExtensibilityGlobals) = postSolution
		SolutionGuid = {7C3930A0-C56B-453B-BA68-2B177EED90E9}
	EndGlobalSection
EndGlobal
