# THIS IS AN AUTOGENERATED FILE. DO NOT EDIT THIS FILE DIRECTLY.
# yarn lockfile v1


bootstrap@3.3.5:
  version "3.3.5"
  resolved "https://registry.yarnpkg.com/bootstrap/-/bootstrap-3.3.5.tgz#1777ab79299b128d87dce7cbd86fdc46ac69c0b1"
  integrity sha1-F3ereSmbEo2H3OfL2G/cRqxpwLE=

bootstrap@^3.3:
  version "3.4.1"
  resolved "https://registry.yarnpkg.com/bootstrap/-/bootstrap-3.4.1.tgz#c3a347d419e289ad11f4033e3c4132b87c081d72"
  integrity sha512-yN5oZVmRCwe5aKwzRj6736nSmKDX7pLYwsXiCj/EYmo16hODaBiT4En5btW/jhBF/seV+XMx3aYwukYC3A49DA==

eonasdan-bootstrap-datetimepicker@^4.17.47:
  version "4.17.47"
  resolved "https://registry.yarnpkg.com/eonasdan-bootstrap-datetimepicker/-/eonasdan-bootstrap-datetimepicker-4.17.47.tgz#7a49970044065276e7965efd16f822735219e735"
  integrity sha1-ekmXAEQGUnbnll79Fvgic1IZ5zU=
  dependencies:
    bootstrap "^3.3"
    jquery "^1.8.3 || ^2.0 || ^3.0"
    moment "^2.10"
    moment-timezone "^0.4.0"

jquery-validation-unobtrusive@3.2.9:
  version "3.2.9"
  resolved "https://registry.yarnpkg.com/jquery-validation-unobtrusive/-/jquery-validation-unobtrusive-3.2.9.tgz#674bec080408c54c12a22d4234ad3904f47fd5d5"
  integrity sha512-KCn6nHWCInPNcYwqvLA+TOzxGHo7PQMC/WwdePVU6SycJfZ20jQiaZ0GRM0JLvur3NY2H82EnijBx2Y62NwSgw==
  dependencies:
    jquery ">=1.8"
    jquery-validation ">=1.16"

jquery-validation@>=1.16:
  version "1.19.0"
  resolved "https://registry.yarnpkg.com/jquery-validation/-/jquery-validation-1.19.0.tgz#0fedf0c0483a030c4fff072398898ac18cfd6e40"
  integrity sha512-i1ygcs9K9eI0jqQ8fiOZdT0Ofw941YII1zyPQDUkBS8t2G8SoSWz8UUEVT6gV1KvsaBbovtL8YxjLALACR0syQ==
  dependencies:
    jquery "^1.7 || ^2.0 || ^3.1"

jquery@>=1.8, "jquery@^1.7 || ^2.0 || ^3.1", "jquery@^1.8.3 || ^2.0 || ^3.0", jquery@^3.3.1:
  version "3.3.1"
  resolved "https://registry.yarnpkg.com/jquery/-/jquery-3.3.1.tgz#958ce29e81c9790f31be7792df5d4d95fc57fbca"
  integrity sha512-Ubldcmxp5np52/ENotGxlLe6aGMvmF4R8S6tZjsP6Knsaxd/xp3Zrh50cG93lR6nPXyUFwzN3ZSOQI0wRJNdGg==

moment-timezone@^0.4.0:
  version "0.4.1"
  resolved "https://registry.yarnpkg.com/moment-timezone/-/moment-timezone-0.4.1.tgz#81f598c3ad5e22cdad796b67ecd8d88d0f5baa06"
  integrity sha1-gfWYw61eIs2teWtn7NjYjQ9bqgY=
  dependencies:
    moment ">= 2.6.0"

"moment@>= 2.6.0", moment@^2.10, moment@^2.24.0:
  version "2.24.0"
  resolved "https://registry.yarnpkg.com/moment/-/moment-2.24.0.tgz#0d055d53f5052aa653c9f6eb68bb5d12bf5c2b5b"
  integrity sha512-bV7f+6l2QigeBBZSM/6yTNq4P2fNpSWj/0e7jQcy87A8e7o2nAfP/34/2ky5Vw4B9S446EtIhodAzkFCcR4dQg==
