
Microsoft Visual Studio Solution File, Format Version 12.00
# Visual Studio Version 16
VisualStudioVersion = 16.0.29403.142
MinimumVisualStudioVersion = 10.0.40219.1
Project("{9A19103F-16F7-4668-BE54-9A1E7A4F7556}") = "SkyApm.Sample.Backend", "SkyApm.Sample.Backend\SkyApm.Sample.Backend.csproj", "{CD66FDDC-D7DD-47E7-8459-EF0678EABF77}"
EndProject
Project("{9A19103F-16F7-4668-BE54-9A1E7A4F7556}") = "SkyApm.Sample.Frontend", "SkyApm.Sample.Frontend\SkyApm.Sample.Frontend.csproj", "{1463E646-BE7F-40AD-BBC4-B0F68851EC29}"
EndProject
Global
	GlobalSection(SolutionConfigurationPlatforms) = preSolution
		Debug|Any CPU = Debug|Any CPU
		Release|Any CPU = Release|Any CPU
	EndGlobalSection
	GlobalSection(ProjectConfigurationPlatforms) = postSolution
		{CD66FDDC-D7DD-47E7-8459-EF0678EABF77}.Debug|Any CPU.ActiveCfg = Debug|Any CPU
		{CD66FDDC-D7DD-47E7-8459-EF0678EABF77}.Debug|Any CPU.Build.0 = Debug|Any CPU
		{CD66FDDC-D7DD-47E7-8459-EF0678EABF77}.Release|Any CPU.ActiveCfg = Release|Any CPU
		{CD66FDDC-D7DD-47E7-8459-EF0678EABF77}.Release|Any CPU.Build.0 = Release|Any CPU
		{1463E646-BE7F-40AD-BBC4-B0F68851EC29}.Debug|Any CPU.ActiveCfg = Debug|Any CPU
		{1463E646-BE7F-40AD-BBC4-B0F68851EC29}.Debug|Any CPU.Build.0 = Debug|Any CPU
		{1463E646-BE7F-40AD-BBC4-B0F68851EC29}.Release|Any CPU.ActiveCfg = Release|Any CPU
		{1463E646-BE7F-40AD-BBC4-B0F68851EC29}.Release|Any CPU.Build.0 = Release|Any CPU
	EndGlobalSection
	GlobalSection(SolutionProperties) = preSolution
		HideSolutionNode = FALSE
	EndGlobalSection
	GlobalSection(ExtensibilityGlobals) = postSolution
		SolutionGuid = {0E2348D2-D5B3-414E-8861-E2E0DF4DA0E2}
	EndGlobalSection
EndGlobal
